
Microsoft Visual Studio Solution File, Format Version 12.00
# Visual Studio Version 17
VisualStudioVersion = 17.3.32825.248
MinimumVisualStudioVersion = 10.0.40219.1
Project("{9A19103F-16F7-4668-BE54-9A1E7A4F7556}") = "ReactBookmarksManager.Web", "ReactBookmarksManager.Web\ReactBookmarksManager.Web.csproj", "{6ECCF23A-957E-44D0-B661-791CBAF16D5D}"
EndProject
Project("{FAE04EC0-301F-11D3-BF4B-00C04F79EFBC}") = "ReactBookmarksManager.Data", "ReactBookmarksManager.Data\ReactBookmarksManager.Data.csproj", "{B67BF334-88C3-4A92-9E7B-1BC3D20E166D}"
EndProject
Global
	GlobalSection(SolutionConfigurationPlatforms) = preSolution
		Debug|Any CPU = Debug|Any CPU
		Release|Any CPU = Release|Any CPU
	EndGlobalSection
	GlobalSection(ProjectConfigurationPlatforms) = postSolution
		{6ECCF23A-957E-44D0-B661-791CBAF16D5D}.Debug|Any CPU.ActiveCfg = Debug|Any CPU
		{6ECCF23A-957E-44D0-B661-791CBAF16D5D}.Debug|Any CPU.Build.0 = Debug|Any CPU
		{6ECCF23A-957E-44D0-B661-791CBAF16D5D}.Release|Any CPU.ActiveCfg = Release|Any CPU
		{6ECCF23A-957E-44D0-B661-791CBAF16D5D}.Release|Any CPU.Build.0 = Release|Any CPU
		{B67BF334-88C3-4A92-9E7B-1BC3D20E166D}.Debug|Any CPU.ActiveCfg = Debug|Any CPU
		{B67BF334-88C3-4A92-9E7B-1BC3D20E166D}.Debug|Any CPU.Build.0 = Debug|Any CPU
		{B67BF334-88C3-4A92-9E7B-1BC3D20E166D}.Release|Any CPU.ActiveCfg = Release|Any CPU
		{B67BF334-88C3-4A92-9E7B-1BC3D20E166D}.Release|Any CPU.Build.0 = Release|Any CPU
	EndGlobalSection
	GlobalSection(SolutionProperties) = preSolution
		HideSolutionNode = FALSE
	EndGlobalSection
	GlobalSection(ExtensibilityGlobals) = postSolution
		SolutionGuid = {4559E8F6-869E-42CC-BB75-D08DA969703F}
	EndGlobalSection
EndGlobal
